
Microsoft Visual Studio Solution File, Format Version 12.00
# Visual Studio 14
VisualStudioVersion = 14.0.25123.0
MinimumVisualStudioVersion = 10.0.40219.1
Project("{2150E333-8FDC-42A3-9474-1A3956D46DE8}") = "src", "src", "{94CCFD7F-87C3-418E-8F76-6D208E944BA1}"
EndProject
Project("{2150E333-8FDC-42A3-9474-1A3956D46DE8}") = "Solution Items", "Solution Items", "{FB5C1EEE-4F95-4BA3-AE14-9124BEC8BCC0}"
	ProjectSection(SolutionItems) = preProject
		global.json = global.json
	EndProjectSection
EndProject
Project("{8BB2217D-0F2D-49D1-97BC-3654ED321F3B}") = "OdeToFood", "src\OdeToFood\OdeToFood.xproj", "{165105B8-3423-44E0-B533-6BB9C3DE10AF}"
EndProject
Global
	GlobalSection(SolutionConfigurationPlatforms) = preSolution
		Debug|Any CPU = Debug|Any CPU
		Release|Any CPU = Release|Any CPU
	EndGlobalSection
	GlobalSection(ProjectConfigurationPlatforms) = postSolution
		{165105B8-3423-44E0-B533-6BB9C3DE10AF}.Debug|Any CPU.ActiveCfg = Debug|Any CPU
		{165105B8-3423-44E0-B533-6BB9C3DE10AF}.Debug|Any CPU.Build.0 = Debug|Any CPU
		{165105B8-3423-44E0-B533-6BB9C3DE10AF}.Release|Any CPU.ActiveCfg = Release|Any CPU
		{165105B8-3423-44E0-B533-6BB9C3DE10AF}.Release|Any CPU.Build.0 = Release|Any CPU
	EndGlobalSection
	GlobalSection(SolutionProperties) = preSolution
		HideSolutionNode = FALSE
	EndGlobalSection
	GlobalSection(NestedProjects) = preSolution
		{165105B8-3423-44E0-B533-6BB9C3DE10AF} = {94CCFD7F-87C3-418E-8F76-6D208E944BA1}
	EndGlobalSection
EndGlobal
